// !$*UTF8*$!
{
	archiveVersion = 1;
	classes = {
	};
	objectVersion = 52;
	objects = {

/* Begin PBXBuildFile section */
		3E65093926FCB26900ACDF41 /* BarTabApp.swift in Sources */ = {isa = PBXBuildFile; fileRef = 3E65093826FCB26900ACDF41 /* BarTabApp.swift */; };
		3E65093B26FCB26900ACDF41 /* MainView.swift in Sources */ = {isa = PBXBuildFile; fileRef = 3E65093A26FCB26900ACDF41 /* MainView.swift */; };
		3E65093D26FCB26900ACDF41 /* Assets.xcassets in Resources */ = {isa = PBXBuildFile; fileRef = 3E65093C26FCB26900ACDF41 /* Assets.xcassets */; };
		3E65094026FCB26900ACDF41 /* Preview Assets.xcassets in Resources */ = {isa = PBXBuildFile; fileRef = 3E65093F26FCB26900ACDF41 /* Preview Assets.xcassets */; };
		3E662B5E2700C76A00033A11 /* Introspect in Frameworks */ = {isa = PBXBuildFile; productRef = 3E662B5D2700C76A00033A11 /* Introspect */; };
		3E662B60270100D800033A11 /* OrderView.swift in Sources */ = {isa = PBXBuildFile; fileRef = 3E662B5F270100D800033A11 /* OrderView.swift */; };
		3E694A422700670400DF0A08 /* AddUserView.swift in Sources */ = {isa = PBXBuildFile; fileRef = 3E694A412700670400DF0A08 /* AddUserView.swift */; };
		3E7BEFDC26FCDD1900453C1B /* UserModel.swift in Sources */ = {isa = PBXBuildFile; fileRef = 3E7BEFDB26FCDD1900453C1B /* UserModel.swift */; };
		3E7BEFDE26FCDD2800453C1B /* DrinkViewModel.swift in Sources */ = {isa = PBXBuildFile; fileRef = 3E7BEFDD26FCDD2800453C1B /* DrinkViewModel.swift */; };
		3E7BEFE126FCDD6D00453C1B /* DrinkModel.swift in Sources */ = {isa = PBXBuildFile; fileRef = 3E7BEFE026FCDD6D00453C1B /* DrinkModel.swift */; };
		3E7BEFE426FCDD9900453C1B /* UserViewModel.swift in Sources */ = {isa = PBXBuildFile; fileRef = 3E7BEFE326FCDD9900453C1B /* UserViewModel.swift */; };
		3E7BEFE726FCDDC400453C1B /* UserListView.swift in Sources */ = {isa = PBXBuildFile; fileRef = 3E7BEFE626FCDDC400453C1B /* UserListView.swift */; };
		3E7BEFE926FCDDD200453C1B /* InputView.swift in Sources */ = {isa = PBXBuildFile; fileRef = 3E7BEFE826FCDDD200453C1B /* InputView.swift */; };
		3E7BEFEB26FCDDDE00453C1B /* SettingsView.swift in Sources */ = {isa = PBXBuildFile; fileRef = 3E7BEFEA26FCDDDE00453C1B /* SettingsView.swift */; };
		3E7BF0B0270654E200BB230F /* DrinkSettingsView.swift in Sources */ = {isa = PBXBuildFile; fileRef = 3E7BF0AF270654E200BB230F /* DrinkSettingsView.swift */; };
		3E7BF0B22706552500BB230F /* AddDrinkView.swift in Sources */ = {isa = PBXBuildFile; fileRef = 3E7BF0B12706552500BB230F /* AddDrinkView.swift */; };
		3E7BF0B42706558500BB230F /* UserSettingsView.swift in Sources */ = {isa = PBXBuildFile; fileRef = 3E7BF0B32706558500BB230F /* UserSettingsView.swift */; };
/* End PBXBuildFile section */

/* Begin PBXFileReference section */
		3E65093526FCB26900ACDF41 /* BarTab.app */ = {isa = PBXFileReference; explicitFileType = wrapper.application; includeInIndex = 0; path = BarTab.app; sourceTree = BUILT_PRODUCTS_DIR; };
		3E65093826FCB26900ACDF41 /* BarTabApp.swift */ = {isa = PBXFileReference; lastKnownFileType = sourcecode.swift; path = BarTabApp.swift; sourceTree = "<group>"; };
		3E65093A26FCB26900ACDF41 /* MainView.swift */ = {isa = PBXFileReference; lastKnownFileType = sourcecode.swift; path = MainView.swift; sourceTree = "<group>"; };
		3E65093C26FCB26900ACDF41 /* Assets.xcassets */ = {isa = PBXFileReference; lastKnownFileType = folder.assetcatalog; path = Assets.xcassets; sourceTree = "<group>"; };
		3E65093F26FCB26900ACDF41 /* Preview Assets.xcassets */ = {isa = PBXFileReference; lastKnownFileType = folder.assetcatalog; path = "Preview Assets.xcassets"; sourceTree = "<group>"; };
		3E65094126FCB26900ACDF41 /* Info.plist */ = {isa = PBXFileReference; lastKnownFileType = text.plist.xml; path = Info.plist; sourceTree = "<group>"; };
		3E662B5F270100D800033A11 /* OrderView.swift */ = {isa = PBXFileReference; lastKnownFileType = sourcecode.swift; path = OrderView.swift; sourceTree = "<group>"; };
		3E694A412700670400DF0A08 /* AddUserView.swift */ = {isa = PBXFileReference; lastKnownFileType = sourcecode.swift; path = AddUserView.swift; sourceTree = "<group>"; };
		3E7BEFDB26FCDD1900453C1B /* UserModel.swift */ = {isa = PBXFileReference; lastKnownFileType = sourcecode.swift; path = UserModel.swift; sourceTree = "<group>"; };
		3E7BEFDD26FCDD2800453C1B /* DrinkViewModel.swift */ = {isa = PBXFileReference; lastKnownFileType = sourcecode.swift; path = DrinkViewModel.swift; sourceTree = "<group>"; };
		3E7BEFE026FCDD6D00453C1B /* DrinkModel.swift */ = {isa = PBXFileReference; lastKnownFileType = sourcecode.swift; path = DrinkModel.swift; sourceTree = "<group>"; };
		3E7BEFE326FCDD9900453C1B /* UserViewModel.swift */ = {isa = PBXFileReference; lastKnownFileType = sourcecode.swift; path = UserViewModel.swift; sourceTree = "<group>"; };
		3E7BEFE626FCDDC400453C1B /* UserListView.swift */ = {isa = PBXFileReference; lastKnownFileType = sourcecode.swift; path = UserListView.swift; sourceTree = "<group>"; };
		3E7BEFE826FCDDD200453C1B /* InputView.swift */ = {isa = PBXFileReference; lastKnownFileType = sourcecode.swift; path = InputView.swift; sourceTree = "<group>"; };
		3E7BEFEA26FCDDDE00453C1B /* SettingsView.swift */ = {isa = PBXFileReference; lastKnownFileType = sourcecode.swift; path = SettingsView.swift; sourceTree = "<group>"; };
		3E7BF0AF270654E200BB230F /* DrinkSettingsView.swift */ = {isa = PBXFileReference; lastKnownFileType = sourcecode.swift; path = DrinkSettingsView.swift; sourceTree = "<group>"; };
		3E7BF0B12706552500BB230F /* AddDrinkView.swift */ = {isa = PBXFileReference; lastKnownFileType = sourcecode.swift; path = AddDrinkView.swift; sourceTree = "<group>"; };
		3E7BF0B32706558500BB230F /* UserSettingsView.swift */ = {isa = PBXFileReference; lastKnownFileType = sourcecode.swift; path = UserSettingsView.swift; sourceTree = "<group>"; };
/* End PBXFileReference section */

/* Begin PBXFrameworksBuildPhase section */
		3E65093226FCB26900ACDF41 /* Frameworks */ = {
			isa = PBXFrameworksBuildPhase;
			buildActionMask = 2147483647;
			files = (
				3E662B5E2700C76A00033A11 /* Introspect in Frameworks */,
			);
			runOnlyForDeploymentPostprocessing = 0;
		};
/* End PBXFrameworksBuildPhase section */

/* Begin PBXGroup section */
		3E65092C26FCB26900ACDF41 = {
			isa = PBXGroup;
			children = (
				3E65093726FCB26900ACDF41 /* BarTab */,
				3E65093626FCB26900ACDF41 /* Products */,
			);
			sourceTree = "<group>";
		};
		3E65093626FCB26900ACDF41 /* Products */ = {
			isa = PBXGroup;
			children = (
				3E65093526FCB26900ACDF41 /* BarTab.app */,
			);
			name = Products;
			sourceTree = "<group>";
		};
		3E65093726FCB26900ACDF41 /* BarTab */ = {
			isa = PBXGroup;
			children = (
				3E65093826FCB26900ACDF41 /* BarTabApp.swift */,
				3E7BEFE526FCDDA300453C1B /* Views */,
				3E7BEFE226FCDD7400453C1B /* ViewModels */,
				3E7BEFDF26FCDD2D00453C1B /* Models */,
				3E65093C26FCB26900ACDF41 /* Assets.xcassets */,
				3E65094126FCB26900ACDF41 /* Info.plist */,
				3E65093E26FCB26900ACDF41 /* Preview Content */,
			);
			path = BarTab;
			sourceTree = "<group>";
		};
		3E65093E26FCB26900ACDF41 /* Preview Content */ = {
			isa = PBXGroup;
			children = (
				3E65093F26FCB26900ACDF41 /* Preview Assets.xcassets */,
			);
			path = "Preview Content";
			sourceTree = "<group>";
		};
		3E7BEFDF26FCDD2D00453C1B /* Models */ = {
			isa = PBXGroup;
			children = (
				3E7BEFDB26FCDD1900453C1B /* UserModel.swift */,
				3E7BEFE026FCDD6D00453C1B /* DrinkModel.swift */,
			);
			path = Models;
			sourceTree = "<group>";
		};
		3E7BEFE226FCDD7400453C1B /* ViewModels */ = {
			isa = PBXGroup;
			children = (
				3E7BEFE326FCDD9900453C1B /* UserViewModel.swift */,
				3E7BEFDD26FCDD2800453C1B /* DrinkViewModel.swift */,
			);
			path = ViewModels;
			sourceTree = "<group>";
		};
		3E7BEFE526FCDDA300453C1B /* Views */ = {
			isa = PBXGroup;
			children = (
				3E65093A26FCB26900ACDF41 /* MainView.swift */,
				3E7BF0AC270654AB00BB230F /* Ordering */,
				3E7BF0AD270654BE00BB230F /* Users */,
				3E7BF0AE270654CA00BB230F /* Settings */,
			);
			path = Views;
			sourceTree = "<group>";
		};
		3E7BF0AC270654AB00BB230F /* Ordering */ = {
			isa = PBXGroup;
			children = (
				3E7BEFE826FCDDD200453C1B /* InputView.swift */,
				3E662B5F270100D800033A11 /* OrderView.swift */,
			);
			path = Ordering;
			sourceTree = "<group>";
		};
		3E7BF0AD270654BE00BB230F /* Users */ = {
			isa = PBXGroup;
			children = (
				3E7BEFE626FCDDC400453C1B /* UserListView.swift */,
				3E694A412700670400DF0A08 /* AddUserView.swift */,
			);
			path = Users;
			sourceTree = "<group>";
		};
		3E7BF0AE270654CA00BB230F /* Settings */ = {
			isa = PBXGroup;
			children = (
				3E7BEFEA26FCDDDE00453C1B /* SettingsView.swift */,
				3E7BF0B32706558500BB230F /* UserSettingsView.swift */,
				3E7BF0AF270654E200BB230F /* DrinkSettingsView.swift */,
				3E7BF0B12706552500BB230F /* AddDrinkView.swift */,
			);
			path = Settings;
			sourceTree = "<group>";
		};
/* End PBXGroup section */

/* Begin PBXNativeTarget section */
		3E65093426FCB26900ACDF41 /* BarTab */ = {
			isa = PBXNativeTarget;
			buildConfigurationList = 3E65094426FCB26900ACDF41 /* Build configuration list for PBXNativeTarget "BarTab" */;
			buildPhases = (
				3E65093126FCB26900ACDF41 /* Sources */,
				3E65093226FCB26900ACDF41 /* Frameworks */,
				3E65093326FCB26900ACDF41 /* Resources */,
			);
			buildRules = (
			);
			dependencies = (
			);
			name = BarTab;
			packageProductDependencies = (
				3E662B5D2700C76A00033A11 /* Introspect */,
			);
			productName = BarTab;
			productReference = 3E65093526FCB26900ACDF41 /* BarTab.app */;
			productType = "com.apple.product-type.application";
		};
/* End PBXNativeTarget section */

/* Begin PBXProject section */
		3E65092D26FCB26900ACDF41 /* Project object */ = {
			isa = PBXProject;
			attributes = {
				LastSwiftUpdateCheck = 1250;
				LastUpgradeCheck = 1250;
				TargetAttributes = {
					3E65093426FCB26900ACDF41 = {
						CreatedOnToolsVersion = 12.5;
					};
				};
			};
			buildConfigurationList = 3E65093026FCB26900ACDF41 /* Build configuration list for PBXProject "BarTab" */;
			compatibilityVersion = "Xcode 9.3";
			developmentRegion = en;
			hasScannedForEncodings = 0;
			knownRegions = (
				en,
				Base,
			);
			mainGroup = 3E65092C26FCB26900ACDF41;
			packageReferences = (
				3E662B5C2700C76A00033A11 /* XCRemoteSwiftPackageReference "SwiftUI-Introspect" */,
			);
			productRefGroup = 3E65093626FCB26900ACDF41 /* Products */;
			projectDirPath = "";
			projectRoot = "";
			targets = (
				3E65093426FCB26900ACDF41 /* BarTab */,
			);
		};
/* End PBXProject section */

/* Begin PBXResourcesBuildPhase section */
		3E65093326FCB26900ACDF41 /* Resources */ = {
			isa = PBXResourcesBuildPhase;
			buildActionMask = 2147483647;
			files = (
				3E65094026FCB26900ACDF41 /* Preview Assets.xcassets in Resources */,
				3E65093D26FCB26900ACDF41 /* Assets.xcassets in Resources */,
			);
			runOnlyForDeploymentPostprocessing = 0;
		};
/* End PBXResourcesBuildPhase section */

/* Begin PBXSourcesBuildPhase section */
		3E65093126FCB26900ACDF41 /* Sources */ = {
			isa = PBXSourcesBuildPhase;
			buildActionMask = 2147483647;
			files = (
				3E7BEFE726FCDDC400453C1B /* UserListView.swift in Sources */,
				3E7BF0B22706552500BB230F /* AddDrinkView.swift in Sources */,
				3E7BEFE426FCDD9900453C1B /* UserViewModel.swift in Sources */,
				3E7BEFDC26FCDD1900453C1B /* UserModel.swift in Sources */,
				3E7BEFEB26FCDDDE00453C1B /* SettingsView.swift in Sources */,
				3E7BEFE126FCDD6D00453C1B /* DrinkModel.swift in Sources */,
				3E65093B26FCB26900ACDF41 /* MainView.swift in Sources */,
				3E7BF0B0270654E200BB230F /* DrinkSettingsView.swift in Sources */,
				3E7BEFE926FCDDD200453C1B /* InputView.swift in Sources */,
				3E694A422700670400DF0A08 /* AddUserView.swift in Sources */,
				3E662B60270100D800033A11 /* OrderView.swift in Sources */,
				3E7BEFDE26FCDD2800453C1B /* DrinkViewModel.swift in Sources */,
				3E7BF0B42706558500BB230F /* UserSettingsView.swift in Sources */,
				3E65093926FCB26900ACDF41 /* BarTabApp.swift in Sources */,
			);
			runOnlyForDeploymentPostprocessing = 0;
		};
/* End PBXSourcesBuildPhase section */

/* Begin XCBuildConfiguration section */
		3E65094226FCB26900ACDF41 /* Debug */ = {
			isa = XCBuildConfiguration;
			buildSettings = {
				ALWAYS_SEARCH_USER_PATHS = NO;
				CLANG_ANALYZER_NONNULL = YES;
				CLANG_ANALYZER_NUMBER_OBJECT_CONVERSION = YES_AGGRESSIVE;
				CLANG_CXX_LANGUAGE_STANDARD = "gnu++14";
				CLANG_CXX_LIBRARY = "libc++";
				CLANG_ENABLE_MODULES = YES;
				CLANG_ENABLE_OBJC_ARC = YES;
				CLANG_ENABLE_OBJC_WEAK = YES;
				CLANG_WARN_BLOCK_CAPTURE_AUTORELEASING = YES;
				CLANG_WARN_BOOL_CONVERSION = YES;
				CLANG_WARN_COMMA = YES;
				CLANG_WARN_CONSTANT_CONVERSION = YES;
				CLANG_WARN_DEPRECATED_OBJC_IMPLEMENTATIONS = YES;
				CLANG_WARN_DIRECT_OBJC_ISA_USAGE = YES_ERROR;
				CLANG_WARN_DOCUMENTATION_COMMENTS = YES;
				CLANG_WARN_EMPTY_BODY = YES;
				CLANG_WARN_ENUM_CONVERSION = YES;
				CLANG_WARN_INFINITE_RECURSION = YES;
				CLANG_WARN_INT_CONVERSION = YES;
				CLANG_WARN_NON_LITERAL_NULL_CONVERSION = YES;
				CLANG_WARN_OBJC_IMPLICIT_RETAIN_SELF = YES;
				CLANG_WARN_OBJC_LITERAL_CONVERSION = YES;
				CLANG_WARN_OBJC_ROOT_CLASS = YES_ERROR;
				CLANG_WARN_QUOTED_INCLUDE_IN_FRAMEWORK_HEADER = YES;
				CLANG_WARN_RANGE_LOOP_ANALYSIS = YES;
				CLANG_WARN_STRICT_PROTOTYPES = YES;
				CLANG_WARN_SUSPICIOUS_MOVE = YES;
				CLANG_WARN_UNGUARDED_AVAILABILITY = YES_AGGRESSIVE;
				CLANG_WARN_UNREACHABLE_CODE = YES;
				CLANG_WARN__DUPLICATE_METHOD_MATCH = YES;
				COPY_PHASE_STRIP = NO;
				DEBUG_INFORMATION_FORMAT = dwarf;
				ENABLE_STRICT_OBJC_MSGSEND = YES;
				ENABLE_TESTABILITY = YES;
				GCC_C_LANGUAGE_STANDARD = gnu11;
				GCC_DYNAMIC_NO_PIC = NO;
				GCC_NO_COMMON_BLOCKS = YES;
				GCC_OPTIMIZATION_LEVEL = 0;
				GCC_PREPROCESSOR_DEFINITIONS = (
					"DEBUG=1",
					"$(inherited)",
				);
				GCC_WARN_64_TO_32_BIT_CONVERSION = YES;
				GCC_WARN_ABOUT_RETURN_TYPE = YES_ERROR;
				GCC_WARN_UNDECLARED_SELECTOR = YES;
				GCC_WARN_UNINITIALIZED_AUTOS = YES_AGGRESSIVE;
				GCC_WARN_UNUSED_FUNCTION = YES;
				GCC_WARN_UNUSED_VARIABLE = YES;
				IPHONEOS_DEPLOYMENT_TARGET = 14.5;
				MTL_ENABLE_DEBUG_INFO = INCLUDE_SOURCE;
				MTL_FAST_MATH = YES;
				ONLY_ACTIVE_ARCH = YES;
				SDKROOT = iphoneos;
				SWIFT_ACTIVE_COMPILATION_CONDITIONS = DEBUG;
				SWIFT_OPTIMIZATION_LEVEL = "-Onone";
			};
			name = Debug;
		};
		3E65094326FCB26900ACDF41 /* Release */ = {
			isa = XCBuildConfiguration;
			buildSettings = {
				ALWAYS_SEARCH_USER_PATHS = NO;
				CLANG_ANALYZER_NONNULL = YES;
				CLANG_ANALYZER_NUMBER_OBJECT_CONVERSION = YES_AGGRESSIVE;
				CLANG_CXX_LANGUAGE_STANDARD = "gnu++14";
				CLANG_CXX_LIBRARY = "libc++";
				CLANG_ENABLE_MODULES = YES;
				CLANG_ENABLE_OBJC_ARC = YES;
				CLANG_ENABLE_OBJC_WEAK = YES;
				CLANG_WARN_BLOCK_CAPTURE_AUTORELEASING = YES;
				CLANG_WARN_BOOL_CONVERSION = YES;
				CLANG_WARN_COMMA = YES;
				CLANG_WARN_CONSTANT_CONVERSION = YES;
				CLANG_WARN_DEPRECATED_OBJC_IMPLEMENTATIONS = YES;
				CLANG_WARN_DIRECT_OBJC_ISA_USAGE = YES_ERROR;
				CLANG_WARN_DOCUMENTATION_COMMENTS = YES;
				CLANG_WARN_EMPTY_BODY = YES;
				CLANG_WARN_ENUM_CONVERSION = YES;
				CLANG_WARN_INFINITE_RECURSION = YES;
				CLANG_WARN_INT_CONVERSION = YES;
				CLANG_WARN_NON_LITERAL_NULL_CONVERSION = YES;
				CLANG_WARN_OBJC_IMPLICIT_RETAIN_SELF = YES;
				CLANG_WARN_OBJC_LITERAL_CONVERSION = YES;
				CLANG_WARN_OBJC_ROOT_CLASS = YES_ERROR;
				CLANG_WARN_QUOTED_INCLUDE_IN_FRAMEWORK_HEADER = YES;
				CLANG_WARN_RANGE_LOOP_ANALYSIS = YES;
				CLANG_WARN_STRICT_PROTOTYPES = YES;
				CLANG_WARN_SUSPICIOUS_MOVE = YES;
				CLANG_WARN_UNGUARDED_AVAILABILITY = YES_AGGRESSIVE;
				CLANG_WARN_UNREACHABLE_CODE = YES;
				CLANG_WARN__DUPLICATE_METHOD_MATCH = YES;
				COPY_PHASE_STRIP = NO;
				DEBUG_INFORMATION_FORMAT = "dwarf-with-dsym";
				ENABLE_NS_ASSERTIONS = NO;
				ENABLE_STRICT_OBJC_MSGSEND = YES;
				GCC_C_LANGUAGE_STANDARD = gnu11;
				GCC_NO_COMMON_BLOCKS = YES;
				GCC_WARN_64_TO_32_BIT_CONVERSION = YES;
				GCC_WARN_ABOUT_RETURN_TYPE = YES_ERROR;
				GCC_WARN_UNDECLARED_SELECTOR = YES;
				GCC_WARN_UNINITIALIZED_AUTOS = YES_AGGRESSIVE;
				GCC_WARN_UNUSED_FUNCTION = YES;
				GCC_WARN_UNUSED_VARIABLE = YES;
				IPHONEOS_DEPLOYMENT_TARGET = 14.5;
				MTL_ENABLE_DEBUG_INFO = NO;
				MTL_FAST_MATH = YES;
				SDKROOT = iphoneos;
				SWIFT_COMPILATION_MODE = wholemodule;
				SWIFT_OPTIMIZATION_LEVEL = "-O";
				VALIDATE_PRODUCT = YES;
			};
			name = Release;
		};
		3E65094526FCB26900ACDF41 /* Debug */ = {
			isa = XCBuildConfiguration;
			buildSettings = {
				ASSETCATALOG_COMPILER_APPICON_NAME = AppIcon;
				ASSETCATALOG_COMPILER_GLOBAL_ACCENT_COLOR_NAME = AccentColor;
				CODE_SIGN_STYLE = Automatic;
				DEVELOPMENT_ASSET_PATHS = "\"BarTab/Preview Content\"";
				DEVELOPMENT_TEAM = 5PNV6G957X;
				ENABLE_PREVIEWS = YES;
				INFOPLIST_FILE = BarTab/Info.plist;
				IPHONEOS_DEPLOYMENT_TARGET = 14.0;
				LD_RUNPATH_SEARCH_PATHS = (
					"$(inherited)",
					"@executable_path/Frameworks",
				);
				PRODUCT_BUNDLE_IDENTIFIER = com.joforsell.BarTab;
				PRODUCT_NAME = "$(TARGET_NAME)";
				SWIFT_VERSION = 5.0;
				TARGETED_DEVICE_FAMILY = 2;
			};
			name = Debug;
		};
		3E65094626FCB26900ACDF41 /* Release */ = {
			isa = XCBuildConfiguration;
			buildSettings = {
				ASSETCATALOG_COMPILER_APPICON_NAME = AppIcon;
				ASSETCATALOG_COMPILER_GLOBAL_ACCENT_COLOR_NAME = AccentColor;
				CODE_SIGN_STYLE = Automatic;
				DEVELOPMENT_ASSET_PATHS = "\"BarTab/Preview Content\"";
				DEVELOPMENT_TEAM = 5PNV6G957X;
				ENABLE_PREVIEWS = YES;
				INFOPLIST_FILE = BarTab/Info.plist;
				IPHONEOS_DEPLOYMENT_TARGET = 14.0;
				LD_RUNPATH_SEARCH_PATHS = (
					"$(inherited)",
					"@executable_path/Frameworks",
				);
				PRODUCT_BUNDLE_IDENTIFIER = com.joforsell.BarTab;
				PRODUCT_NAME = "$(TARGET_NAME)";
				SWIFT_VERSION = 5.0;
				TARGETED_DEVICE_FAMILY = 2;
			};
			name = Release;
		};
/* End XCBuildConfiguration section */

/* Begin XCConfigurationList section */
		3E65093026FCB26900ACDF41 /* Build configuration list for PBXProject "BarTab" */ = {
			isa = XCConfigurationList;
			buildConfigurations = (
				3E65094226FCB26900ACDF41 /* Debug */,
				3E65094326FCB26900ACDF41 /* Release */,
			);
			defaultConfigurationIsVisible = 0;
			defaultConfigurationName = Release;
		};
		3E65094426FCB26900ACDF41 /* Build configuration list for PBXNativeTarget "BarTab" */ = {
			isa = XCConfigurationList;
			buildConfigurations = (
				3E65094526FCB26900ACDF41 /* Debug */,
				3E65094626FCB26900ACDF41 /* Release */,
			);
			defaultConfigurationIsVisible = 0;
			defaultConfigurationName = Release;
		};
/* End XCConfigurationList section */

/* Begin XCRemoteSwiftPackageReference section */
		3E662B5C2700C76A00033A11 /* XCRemoteSwiftPackageReference "SwiftUI-Introspect" */ = {
			isa = XCRemoteSwiftPackageReference;
			repositoryURL = "https://github.com/siteline/SwiftUI-Introspect.git";
			requirement = {
				kind = upToNextMajorVersion;
				minimumVersion = 0.1.3;
			};
		};
/* End XCRemoteSwiftPackageReference section */

/* Begin XCSwiftPackageProductDependency section */
		3E662B5D2700C76A00033A11 /* Introspect */ = {
			isa = XCSwiftPackageProductDependency;
			package = 3E662B5C2700C76A00033A11 /* XCRemoteSwiftPackageReference "SwiftUI-Introspect" */;
			productName = Introspect;
		};
/* End XCSwiftPackageProductDependency section */
	};
	rootObject = 3E65092D26FCB26900ACDF41 /* Project object */;
}
