// !$*UTF8*$!
{
	archiveVersion = 1;
	classes = {
	};
	objectVersion = 52;
	objects = {

/* Begin PBXBuildFile section */
		3E5DE2B32746E75600B5723D /* DrinkViewModel.swift in Sources */ = {isa = PBXBuildFile; fileRef = 3E5DE2B22746E75600B5723D /* DrinkViewModel.swift */; };
		3E5DFDC12786F7A80056F0CC /* PurchasesDelegateHandler.swift in Sources */ = {isa = PBXBuildFile; fileRef = 3E5DFDC02786F7A80056F0CC /* PurchasesDelegateHandler.swift */; };
		3E5EE16427823A060044B178 /* PaywallViewModel.swift in Sources */ = {isa = PBXBuildFile; fileRef = 3E5EE16327823A060044B178 /* PaywallViewModel.swift */; };
		3E5F333D2741703000AA54AA /* AlertToast in Frameworks */ = {isa = PBXBuildFile; productRef = 3E5F333C2741703000AA54AA /* AlertToast */; };
		3E5F33622712AF8B005340B6 /* AuthError.swift in Sources */ = {isa = PBXBuildFile; fileRef = 3E5F33612712AF8B005340B6 /* AuthError.swift */; };
		3E5F33642712AF95005340B6 /* UserHandling.swift in Sources */ = {isa = PBXBuildFile; fileRef = 3E5F33632712AF94005340B6 /* UserHandling.swift */; };
		3E5F33662712B73C005340B6 /* Authentication.swift in Sources */ = {isa = PBXBuildFile; fileRef = 3E5F33652712B73C005340B6 /* Authentication.swift */; };
		3E5F33682712B7C9005340B6 /* EmailAuthError.swift in Sources */ = {isa = PBXBuildFile; fileRef = 3E5F33672712B7C9005340B6 /* EmailAuthError.swift */; };
		3E60E3A5271147A500F1363B /* UserModel.swift in Sources */ = {isa = PBXBuildFile; fileRef = 3E60E3A4271147A500F1363B /* UserModel.swift */; };
		3E60E3AF2711751C00F1363B /* UserViewModel.swift in Sources */ = {isa = PBXBuildFile; fileRef = 3E60E3AE2711751C00F1363B /* UserViewModel.swift */; };
		3E65093926FCB26900ACDF41 /* BarTabApp.swift in Sources */ = {isa = PBXBuildFile; fileRef = 3E65093826FCB26900ACDF41 /* BarTabApp.swift */; };
		3E65093D26FCB26900ACDF41 /* Assets.xcassets in Resources */ = {isa = PBXBuildFile; fileRef = 3E65093C26FCB26900ACDF41 /* Assets.xcassets */; };
		3E65094026FCB26900ACDF41 /* Preview Assets.xcassets in Resources */ = {isa = PBXBuildFile; fileRef = 3E65093F26FCB26900ACDF41 /* Preview Assets.xcassets */; };
		3E658368276B568400555030 /* View+RoundedCorners.swift in Sources */ = {isa = PBXBuildFile; fileRef = 3E658367276B568400555030 /* View+RoundedCorners.swift */; };
		3E662B5E2700C76A00033A11 /* Introspect in Frameworks */ = {isa = PBXBuildFile; productRef = 3E662B5D2700C76A00033A11 /* Introspect */; };
		3E678775275D52FC0072259F /* ConfirmationViewModel.swift in Sources */ = {isa = PBXBuildFile; fileRef = 3E678774275D52FC0072259F /* ConfirmationViewModel.swift */; };
		3E678777275D62170072259F /* AddCustomerView.swift in Sources */ = {isa = PBXBuildFile; fileRef = 3E678776275D62170072259F /* AddCustomerView.swift */; };
		3E67E60927444E1700999511 /* CustomerViewModel.swift in Sources */ = {isa = PBXBuildFile; fileRef = 3E67E60827444E1700999511 /* CustomerViewModel.swift */; };
		3E68107F27081D6D00C0F5B0 /* GoogleService-Info.plist in Resources */ = {isa = PBXBuildFile; fileRef = 3E68107E27081D6D00C0F5B0 /* GoogleService-Info.plist */; };
		3E6916D2276E584B009E80D7 /* ImagePickerView.swift in Sources */ = {isa = PBXBuildFile; fileRef = 3E6916D1276E584B009E80D7 /* ImagePickerView.swift */; };
		3E6916D4276E78EE009E80D7 /* UpdateTagView.swift in Sources */ = {isa = PBXBuildFile; fileRef = 3E6916D3276E78EE009E80D7 /* UpdateTagView.swift */; };
		3E6916D8276E88BB009E80D7 /* View+Centered.swift in Sources */ = {isa = PBXBuildFile; fileRef = 3E6916D7276E88BB009E80D7 /* View+Centered.swift */; };
		3E6F1A272771282900661021 /* Date+RawRepresentable.swift in Sources */ = {isa = PBXBuildFile; fileRef = 3E6F1A262771282900661021 /* Date+RawRepresentable.swift */; };
		3E6F1A2927712B5300661021 /* CustomInputView.swift in Sources */ = {isa = PBXBuildFile; fileRef = 3E6F1A2827712B5300661021 /* CustomInputView.swift */; };
		3E6FA3B42756A7ED0023DAB7 /* BodyView.swift in Sources */ = {isa = PBXBuildFile; fileRef = 3E6FA3B32756A7ED0023DAB7 /* BodyView.swift */; };
		3E7062DA27149AB500B02C4E /* ToastUI in Frameworks */ = {isa = PBXBuildFile; productRef = 3E7062D927149AB500B02C4E /* ToastUI */; };
		3E70E0E2275EAB340020B429 /* SettingsView.swift in Sources */ = {isa = PBXBuildFile; fileRef = 3E70E0E1275EAB340020B429 /* SettingsView.swift */; };
		3E70E0E4275EABD10020B429 /* DrinkSettingsView.swift in Sources */ = {isa = PBXBuildFile; fileRef = 3E70E0E3275EABD10020B429 /* DrinkSettingsView.swift */; };
		3E70E0E6275EABDC0020B429 /* CustomerSettingsView.swift in Sources */ = {isa = PBXBuildFile; fileRef = 3E70E0E5275EABDC0020B429 /* CustomerSettingsView.swift */; };
		3E70E0E8275EABE40020B429 /* UserSettingsView.swift in Sources */ = {isa = PBXBuildFile; fileRef = 3E70E0E7275EABE40020B429 /* UserSettingsView.swift */; };
		3E70E0EA275EAF100020B429 /* ToastView.swift in Sources */ = {isa = PBXBuildFile; fileRef = 3E70E0E9275EAF100020B429 /* ToastView.swift */; };
		3E70E0EC275EAFE00020B429 /* CustomerSettingsDetailsView.swift in Sources */ = {isa = PBXBuildFile; fileRef = 3E70E0EB275EAFE00020B429 /* CustomerSettingsDetailsView.swift */; };
		3E70E0EE275EB0160020B429 /* View+RoundedBorder.swift in Sources */ = {isa = PBXBuildFile; fileRef = 3E70E0ED275EB0160020B429 /* View+RoundedBorder.swift */; };
		3E70E0F7275EB2790020B429 /* ClearModalBackground.swift in Sources */ = {isa = PBXBuildFile; fileRef = 3E70E0F6275EB2790020B429 /* ClearModalBackground.swift */; };
		3E70E0F9275EB2EC0020B429 /* DrinkSettingsDetailsView.swift in Sources */ = {isa = PBXBuildFile; fileRef = 3E70E0F8275EB2EC0020B429 /* DrinkSettingsDetailsView.swift */; };
		3E7BEFDC26FCDD1900453C1B /* CustomerModel.swift in Sources */ = {isa = PBXBuildFile; fileRef = 3E7BEFDB26FCDD1900453C1B /* CustomerModel.swift */; };
		3E7BEFDE26FCDD2800453C1B /* DrinkListViewModel.swift in Sources */ = {isa = PBXBuildFile; fileRef = 3E7BEFDD26FCDD2800453C1B /* DrinkListViewModel.swift */; };
		3E7BEFE126FCDD6D00453C1B /* DrinkModel.swift in Sources */ = {isa = PBXBuildFile; fileRef = 3E7BEFE026FCDD6D00453C1B /* DrinkModel.swift */; };
		3E7BEFE426FCDD9900453C1B /* CustomerListViewModel.swift in Sources */ = {isa = PBXBuildFile; fileRef = 3E7BEFE326FCDD9900453C1B /* CustomerListViewModel.swift */; };
		3E7C9AFE2771D49800B8A431 /* ContentView.swift in Sources */ = {isa = PBXBuildFile; fileRef = 3E7C9AFD2771D49800B8A431 /* ContentView.swift */; };
		3E7C9B002772065500B8A431 /* LoginView.swift in Sources */ = {isa = PBXBuildFile; fileRef = 3E7C9AFF2772065500B8A431 /* LoginView.swift */; };
		3E7C9B022772069700B8A431 /* PaywallView.swift in Sources */ = {isa = PBXBuildFile; fileRef = 3E7C9B012772069700B8A431 /* PaywallView.swift */; };
		3E8134B02764DEBB00637E61 /* SwiftUIX in Frameworks */ = {isa = PBXBuildFile; productRef = 3E8134AF2764DEBB00637E61 /* SwiftUIX */; };
		3E813C3B2785D24700CC2EAA /* Purchases in Frameworks */ = {isa = PBXBuildFile; productRef = 3E813C3A2785D24700CC2EAA /* Purchases */; };
		3E817154275574F600F4B0D3 /* HomeView.swift in Sources */ = {isa = PBXBuildFile; fileRef = 3E817153275574F600F4B0D3 /* HomeView.swift */; };
		3E817156275575E500F4B0D3 /* HeaderView.swift in Sources */ = {isa = PBXBuildFile; fileRef = 3E817155275575E500F4B0D3 /* HeaderView.swift */; };
		3E817158275576AB00F4B0D3 /* OrderView.swift in Sources */ = {isa = PBXBuildFile; fileRef = 3E817157275576AB00F4B0D3 /* OrderView.swift */; };
		3E81715A275576B400F4B0D3 /* CustomerListView.swift in Sources */ = {isa = PBXBuildFile; fileRef = 3E817159275576B400F4B0D3 /* CustomerListView.swift */; };
		3E8645D52718A3C0009BFFAA /* EmailSender.swift in Sources */ = {isa = PBXBuildFile; fileRef = 3E8645D42718A3C0009BFFAA /* EmailSender.swift */; };
		3E873022275961B500F8E610 /* DrinkCardView.swift in Sources */ = {isa = PBXBuildFile; fileRef = 3E873021275961B500F8E610 /* DrinkCardView.swift */; };
		3E8730242759755100F8E610 /* ConfirmOrderView.swift in Sources */ = {isa = PBXBuildFile; fileRef = 3E8730232759755100F8E610 /* ConfirmOrderView.swift */; };
		3E88B0F5276A7814003561E1 /* AddDrinkView.swift in Sources */ = {isa = PBXBuildFile; fileRef = 3E88B0F4276A7814003561E1 /* AddDrinkView.swift */; };
		3E96528F27824BBD00815A74 /* StoreKit.framework in Frameworks */ = {isa = PBXBuildFile; fileRef = 3E96528E27824BBD00815A74 /* StoreKit.framework */; };
		3EBC4986270A4D7F006B4857 /* CustomerRepository.swift in Sources */ = {isa = PBXBuildFile; fileRef = 3EBC4985270A4D7F006B4857 /* CustomerRepository.swift */; };
		3EBC4988270B8845006B4857 /* DrinkRepository.swift in Sources */ = {isa = PBXBuildFile; fileRef = 3EBC4987270B8845006B4857 /* DrinkRepository.swift */; };
		3EE4101A27137C4E00A808B6 /* FirebaseAnalytics in Frameworks */ = {isa = PBXBuildFile; productRef = 3EE4101927137C4E00A808B6 /* FirebaseAnalytics */; };
		3EE4101C27137C4E00A808B6 /* FirebaseAuth in Frameworks */ = {isa = PBXBuildFile; productRef = 3EE4101B27137C4E00A808B6 /* FirebaseAuth */; };
		3EE4101E27137C4E00A808B6 /* FirebaseFirestore in Frameworks */ = {isa = PBXBuildFile; productRef = 3EE4101D27137C4E00A808B6 /* FirebaseFirestore */; };
		3EE4102027137C4E00A808B6 /* FirebaseFirestoreSwift-Beta in Frameworks */ = {isa = PBXBuildFile; productRef = 3EE4101F27137C4E00A808B6 /* FirebaseFirestoreSwift-Beta */; };
/* End PBXBuildFile section */

/* Begin PBXFileReference section */
		3E5DE2B22746E75600B5723D /* DrinkViewModel.swift */ = {isa = PBXFileReference; lastKnownFileType = sourcecode.swift; path = DrinkViewModel.swift; sourceTree = "<group>"; };
		3E5DFDC02786F7A80056F0CC /* PurchasesDelegateHandler.swift */ = {isa = PBXFileReference; lastKnownFileType = sourcecode.swift; path = PurchasesDelegateHandler.swift; sourceTree = "<group>"; };
		3E5EE16327823A060044B178 /* PaywallViewModel.swift */ = {isa = PBXFileReference; lastKnownFileType = sourcecode.swift; path = PaywallViewModel.swift; sourceTree = "<group>"; };
		3E5F33612712AF8B005340B6 /* AuthError.swift */ = {isa = PBXFileReference; fileEncoding = 4; lastKnownFileType = sourcecode.swift; path = AuthError.swift; sourceTree = "<group>"; };
		3E5F33632712AF94005340B6 /* UserHandling.swift */ = {isa = PBXFileReference; fileEncoding = 4; lastKnownFileType = sourcecode.swift; path = UserHandling.swift; sourceTree = "<group>"; };
		3E5F33652712B73C005340B6 /* Authentication.swift */ = {isa = PBXFileReference; fileEncoding = 4; lastKnownFileType = sourcecode.swift; path = Authentication.swift; sourceTree = "<group>"; };
		3E5F33672712B7C9005340B6 /* EmailAuthError.swift */ = {isa = PBXFileReference; lastKnownFileType = sourcecode.swift; path = EmailAuthError.swift; sourceTree = "<group>"; };
		3E60E3A4271147A500F1363B /* UserModel.swift */ = {isa = PBXFileReference; lastKnownFileType = sourcecode.swift; path = UserModel.swift; sourceTree = "<group>"; };
		3E60E3AE2711751C00F1363B /* UserViewModel.swift */ = {isa = PBXFileReference; lastKnownFileType = sourcecode.swift; path = UserViewModel.swift; sourceTree = "<group>"; };
		3E65093526FCB26900ACDF41 /* BarTab.app */ = {isa = PBXFileReference; explicitFileType = wrapper.application; includeInIndex = 0; path = BarTab.app; sourceTree = BUILT_PRODUCTS_DIR; };
		3E65093826FCB26900ACDF41 /* BarTabApp.swift */ = {isa = PBXFileReference; lastKnownFileType = sourcecode.swift; path = BarTabApp.swift; sourceTree = "<group>"; };
		3E65093C26FCB26900ACDF41 /* Assets.xcassets */ = {isa = PBXFileReference; lastKnownFileType = folder.assetcatalog; path = Assets.xcassets; sourceTree = "<group>"; };
		3E65093F26FCB26900ACDF41 /* Preview Assets.xcassets */ = {isa = PBXFileReference; lastKnownFileType = folder.assetcatalog; path = "Preview Assets.xcassets"; sourceTree = "<group>"; };
		3E65094126FCB26900ACDF41 /* Info.plist */ = {isa = PBXFileReference; lastKnownFileType = text.plist.xml; path = Info.plist; sourceTree = "<group>"; };
		3E658367276B568400555030 /* View+RoundedCorners.swift */ = {isa = PBXFileReference; lastKnownFileType = sourcecode.swift; path = "View+RoundedCorners.swift"; sourceTree = "<group>"; };
		3E678774275D52FC0072259F /* ConfirmationViewModel.swift */ = {isa = PBXFileReference; lastKnownFileType = sourcecode.swift; path = ConfirmationViewModel.swift; sourceTree = "<group>"; };
		3E678776275D62170072259F /* AddCustomerView.swift */ = {isa = PBXFileReference; lastKnownFileType = sourcecode.swift; path = AddCustomerView.swift; sourceTree = "<group>"; };
		3E67E60827444E1700999511 /* CustomerViewModel.swift */ = {isa = PBXFileReference; lastKnownFileType = sourcecode.swift; path = CustomerViewModel.swift; sourceTree = "<group>"; };
		3E68107E27081D6D00C0F5B0 /* GoogleService-Info.plist */ = {isa = PBXFileReference; fileEncoding = 4; lastKnownFileType = text.plist.xml; path = "GoogleService-Info.plist"; sourceTree = "<group>"; };
		3E6916D1276E584B009E80D7 /* ImagePickerView.swift */ = {isa = PBXFileReference; lastKnownFileType = sourcecode.swift; path = ImagePickerView.swift; sourceTree = "<group>"; };
		3E6916D3276E78EE009E80D7 /* UpdateTagView.swift */ = {isa = PBXFileReference; lastKnownFileType = sourcecode.swift; path = UpdateTagView.swift; sourceTree = "<group>"; };
		3E6916D7276E88BB009E80D7 /* View+Centered.swift */ = {isa = PBXFileReference; lastKnownFileType = sourcecode.swift; path = "View+Centered.swift"; sourceTree = "<group>"; };
		3E6F1A262771282900661021 /* Date+RawRepresentable.swift */ = {isa = PBXFileReference; fileEncoding = 4; lastKnownFileType = sourcecode.swift; path = "Date+RawRepresentable.swift"; sourceTree = "<group>"; };
		3E6F1A2827712B5300661021 /* CustomInputView.swift */ = {isa = PBXFileReference; lastKnownFileType = sourcecode.swift; path = CustomInputView.swift; sourceTree = "<group>"; };
		3E6FA3B32756A7ED0023DAB7 /* BodyView.swift */ = {isa = PBXFileReference; lastKnownFileType = sourcecode.swift; path = BodyView.swift; sourceTree = "<group>"; };
		3E70E0E1275EAB340020B429 /* SettingsView.swift */ = {isa = PBXFileReference; lastKnownFileType = sourcecode.swift; path = SettingsView.swift; sourceTree = "<group>"; };
		3E70E0E3275EABD10020B429 /* DrinkSettingsView.swift */ = {isa = PBXFileReference; lastKnownFileType = sourcecode.swift; path = DrinkSettingsView.swift; sourceTree = "<group>"; };
		3E70E0E5275EABDC0020B429 /* CustomerSettingsView.swift */ = {isa = PBXFileReference; lastKnownFileType = sourcecode.swift; path = CustomerSettingsView.swift; sourceTree = "<group>"; };
		3E70E0E7275EABE40020B429 /* UserSettingsView.swift */ = {isa = PBXFileReference; lastKnownFileType = sourcecode.swift; path = UserSettingsView.swift; sourceTree = "<group>"; };
		3E70E0E9275EAF100020B429 /* ToastView.swift */ = {isa = PBXFileReference; lastKnownFileType = sourcecode.swift; path = ToastView.swift; sourceTree = "<group>"; };
		3E70E0EB275EAFE00020B429 /* CustomerSettingsDetailsView.swift */ = {isa = PBXFileReference; lastKnownFileType = sourcecode.swift; path = CustomerSettingsDetailsView.swift; sourceTree = "<group>"; };
		3E70E0ED275EB0160020B429 /* View+RoundedBorder.swift */ = {isa = PBXFileReference; lastKnownFileType = sourcecode.swift; path = "View+RoundedBorder.swift"; sourceTree = "<group>"; };
		3E70E0F6275EB2790020B429 /* ClearModalBackground.swift */ = {isa = PBXFileReference; lastKnownFileType = sourcecode.swift; path = ClearModalBackground.swift; sourceTree = "<group>"; };
		3E70E0F8275EB2EC0020B429 /* DrinkSettingsDetailsView.swift */ = {isa = PBXFileReference; lastKnownFileType = sourcecode.swift; path = DrinkSettingsDetailsView.swift; sourceTree = "<group>"; };
		3E7BEFDB26FCDD1900453C1B /* CustomerModel.swift */ = {isa = PBXFileReference; lastKnownFileType = sourcecode.swift; path = CustomerModel.swift; sourceTree = "<group>"; };
		3E7BEFDD26FCDD2800453C1B /* DrinkListViewModel.swift */ = {isa = PBXFileReference; lastKnownFileType = sourcecode.swift; path = DrinkListViewModel.swift; sourceTree = "<group>"; };
		3E7BEFE026FCDD6D00453C1B /* DrinkModel.swift */ = {isa = PBXFileReference; lastKnownFileType = sourcecode.swift; path = DrinkModel.swift; sourceTree = "<group>"; };
		3E7BEFE326FCDD9900453C1B /* CustomerListViewModel.swift */ = {isa = PBXFileReference; lastKnownFileType = sourcecode.swift; path = CustomerListViewModel.swift; sourceTree = "<group>"; };
		3E7C9AFD2771D49800B8A431 /* ContentView.swift */ = {isa = PBXFileReference; lastKnownFileType = sourcecode.swift; path = ContentView.swift; sourceTree = "<group>"; };
		3E7C9AFF2772065500B8A431 /* LoginView.swift */ = {isa = PBXFileReference; lastKnownFileType = sourcecode.swift; path = LoginView.swift; sourceTree = "<group>"; };
		3E7C9B012772069700B8A431 /* PaywallView.swift */ = {isa = PBXFileReference; lastKnownFileType = sourcecode.swift; path = PaywallView.swift; sourceTree = "<group>"; };
		3E817153275574F600F4B0D3 /* HomeView.swift */ = {isa = PBXFileReference; lastKnownFileType = sourcecode.swift; path = HomeView.swift; sourceTree = "<group>"; };
		3E817155275575E500F4B0D3 /* HeaderView.swift */ = {isa = PBXFileReference; lastKnownFileType = sourcecode.swift; path = HeaderView.swift; sourceTree = "<group>"; };
		3E817157275576AB00F4B0D3 /* OrderView.swift */ = {isa = PBXFileReference; lastKnownFileType = sourcecode.swift; path = OrderView.swift; sourceTree = "<group>"; };
		3E817159275576B400F4B0D3 /* CustomerListView.swift */ = {isa = PBXFileReference; lastKnownFileType = sourcecode.swift; path = CustomerListView.swift; sourceTree = "<group>"; };
		3E8645D42718A3C0009BFFAA /* EmailSender.swift */ = {isa = PBXFileReference; lastKnownFileType = sourcecode.swift; path = EmailSender.swift; sourceTree = "<group>"; };
		3E873021275961B500F8E610 /* DrinkCardView.swift */ = {isa = PBXFileReference; lastKnownFileType = sourcecode.swift; path = DrinkCardView.swift; sourceTree = "<group>"; };
		3E8730232759755100F8E610 /* ConfirmOrderView.swift */ = {isa = PBXFileReference; lastKnownFileType = sourcecode.swift; path = ConfirmOrderView.swift; sourceTree = "<group>"; };
		3E88B0F4276A7814003561E1 /* AddDrinkView.swift */ = {isa = PBXFileReference; lastKnownFileType = sourcecode.swift; path = AddDrinkView.swift; sourceTree = "<group>"; };
		3E96528E27824BBD00815A74 /* StoreKit.framework */ = {isa = PBXFileReference; lastKnownFileType = wrapper.framework; name = StoreKit.framework; path = System/Library/Frameworks/StoreKit.framework; sourceTree = SDKROOT; };
		3EBC4985270A4D7F006B4857 /* CustomerRepository.swift */ = {isa = PBXFileReference; lastKnownFileType = sourcecode.swift; path = CustomerRepository.swift; sourceTree = "<group>"; };
		3EBC4987270B8845006B4857 /* DrinkRepository.swift */ = {isa = PBXFileReference; lastKnownFileType = sourcecode.swift; path = DrinkRepository.swift; sourceTree = "<group>"; };
/* End PBXFileReference section */

/* Begin PBXFrameworksBuildPhase section */
		3E65093226FCB26900ACDF41 /* Frameworks */ = {
			isa = PBXFrameworksBuildPhase;
			buildActionMask = 2147483647;
			files = (
				3E96528F27824BBD00815A74 /* StoreKit.framework in Frameworks */,
				3E7062DA27149AB500B02C4E /* ToastUI in Frameworks */,
				3E5F333D2741703000AA54AA /* AlertToast in Frameworks */,
				3EE4101A27137C4E00A808B6 /* FirebaseAnalytics in Frameworks */,
				3E8134B02764DEBB00637E61 /* SwiftUIX in Frameworks */,
				3EE4101E27137C4E00A808B6 /* FirebaseFirestore in Frameworks */,
				3EE4102027137C4E00A808B6 /* FirebaseFirestoreSwift-Beta in Frameworks */,
				3EE4101C27137C4E00A808B6 /* FirebaseAuth in Frameworks */,
				3E662B5E2700C76A00033A11 /* Introspect in Frameworks */,
				3E813C3B2785D24700CC2EAA /* Purchases in Frameworks */,
			);
			runOnlyForDeploymentPostprocessing = 0;
		};
/* End PBXFrameworksBuildPhase section */

/* Begin PBXGroup section */
		3E1B21D82767F8F000F68C56 /* Frameworks */ = {
			isa = PBXGroup;
			children = (
				3E96528E27824BBD00815A74 /* StoreKit.framework */,
			);
			name = Frameworks;
			sourceTree = "<group>";
		};
		3E5F335C2712AD87005340B6 /* Authentication */ = {
			isa = PBXGroup;
			children = (
				3E5F33652712B73C005340B6 /* Authentication.swift */,
				3E5F33632712AF94005340B6 /* UserHandling.swift */,
				3E5F33612712AF8B005340B6 /* AuthError.swift */,
				3E5F33672712B7C9005340B6 /* EmailAuthError.swift */,
				3E5DFDC02786F7A80056F0CC /* PurchasesDelegateHandler.swift */,
			);
			path = Authentication;
			sourceTree = "<group>";
		};
		3E65092C26FCB26900ACDF41 = {
			isa = PBXGroup;
			children = (
				3E65093726FCB26900ACDF41 /* BarTab */,
				3E65093626FCB26900ACDF41 /* Products */,
				3E1B21D82767F8F000F68C56 /* Frameworks */,
			);
			sourceTree = "<group>";
		};
		3E65093626FCB26900ACDF41 /* Products */ = {
			isa = PBXGroup;
			children = (
				3E65093526FCB26900ACDF41 /* BarTab.app */,
			);
			name = Products;
			sourceTree = "<group>";
		};
		3E65093726FCB26900ACDF41 /* BarTab */ = {
			isa = PBXGroup;
			children = (
				3E65093826FCB26900ACDF41 /* BarTabApp.swift */,
				3E817152275574AF00F4B0D3 /* Views */,
				3E7BEFE226FCDD7400453C1B /* ViewModels */,
				3E7BEFDF26FCDD2D00453C1B /* Models */,
				3EBC4984270A4D64006B4857 /* Repositories */,
				3E5F335C2712AD87005340B6 /* Authentication */,
				3E65093C26FCB26900ACDF41 /* Assets.xcassets */,
				3E68107E27081D6D00C0F5B0 /* GoogleService-Info.plist */,
				3E65094126FCB26900ACDF41 /* Info.plist */,
				3E65093E26FCB26900ACDF41 /* Preview Content */,
			);
			path = BarTab;
			sourceTree = "<group>";
		};
		3E65093E26FCB26900ACDF41 /* Preview Content */ = {
			isa = PBXGroup;
			children = (
				3E65093F26FCB26900ACDF41 /* Preview Assets.xcassets */,
			);
			path = "Preview Content";
			sourceTree = "<group>";
		};
		3E70E0EF275EB0270020B429 /* Main Views */ = {
			isa = PBXGroup;
			children = (
				3E7C9AFD2771D49800B8A431 /* ContentView.swift */,
				3E7C9B012772069700B8A431 /* PaywallView.swift */,
				3E7C9AFF2772065500B8A431 /* LoginView.swift */,
				3E817153275574F600F4B0D3 /* HomeView.swift */,
				3E817155275575E500F4B0D3 /* HeaderView.swift */,
				3E6FA3B32756A7ED0023DAB7 /* BodyView.swift */,
				3E817157275576AB00F4B0D3 /* OrderView.swift */,
				3E8730232759755100F8E610 /* ConfirmOrderView.swift */,
				3E873021275961B500F8E610 /* DrinkCardView.swift */,
				3E817159275576B400F4B0D3 /* CustomerListView.swift */,
			);
			path = "Main Views";
			sourceTree = "<group>";
		};
		3E70E0F0275EB05B0020B429 /* Settings Views */ = {
			isa = PBXGroup;
			children = (
				3E70E0E1275EAB340020B429 /* SettingsView.swift */,
				3E70E0E3275EABD10020B429 /* DrinkSettingsView.swift */,
				3E70E0F8275EB2EC0020B429 /* DrinkSettingsDetailsView.swift */,
				3E6916D1276E584B009E80D7 /* ImagePickerView.swift */,
				3E88B0F4276A7814003561E1 /* AddDrinkView.swift */,
				3E70E0E5275EABDC0020B429 /* CustomerSettingsView.swift */,
				3E70E0EB275EAFE00020B429 /* CustomerSettingsDetailsView.swift */,
				3E6916D3276E78EE009E80D7 /* UpdateTagView.swift */,
				3E678776275D62170072259F /* AddCustomerView.swift */,
				3E70E0E7275EABE40020B429 /* UserSettingsView.swift */,
			);
			path = "Settings Views";
			sourceTree = "<group>";
		};
		3E70E0F1275EB07F0020B429 /* Extensions */ = {
			isa = PBXGroup;
			children = (
				3E70E0F6275EB2790020B429 /* ClearModalBackground.swift */,
				3E70E0ED275EB0160020B429 /* View+RoundedBorder.swift */,
				3E658367276B568400555030 /* View+RoundedCorners.swift */,
				3E6916D7276E88BB009E80D7 /* View+Centered.swift */,
				3E6F1A262771282900661021 /* Date+RawRepresentable.swift */,
			);
			path = Extensions;
			sourceTree = "<group>";
		};
		3E7BEFDF26FCDD2D00453C1B /* Models */ = {
			isa = PBXGroup;
			children = (
				3E7BEFDB26FCDD1900453C1B /* CustomerModel.swift */,
				3E60E3A4271147A500F1363B /* UserModel.swift */,
				3E7BEFE026FCDD6D00453C1B /* DrinkModel.swift */,
			);
			path = Models;
			sourceTree = "<group>";
		};
		3E7BEFE226FCDD7400453C1B /* ViewModels */ = {
			isa = PBXGroup;
			children = (
				3E7BEFE326FCDD9900453C1B /* CustomerListViewModel.swift */,
				3E67E60827444E1700999511 /* CustomerViewModel.swift */,
				3E60E3AE2711751C00F1363B /* UserViewModel.swift */,
				3E7BEFDD26FCDD2800453C1B /* DrinkListViewModel.swift */,
				3E5DE2B22746E75600B5723D /* DrinkViewModel.swift */,
				3E678774275D52FC0072259F /* ConfirmationViewModel.swift */,
				3E5EE16327823A060044B178 /* PaywallViewModel.swift */,
			);
			path = ViewModels;
			sourceTree = "<group>";
		};
		3E7C9B032772073200B8A431 /* Helper Views */ = {
			isa = PBXGroup;
			children = (
				3E6F1A2827712B5300661021 /* CustomInputView.swift */,
				3E70E0E9275EAF100020B429 /* ToastView.swift */,
			);
			path = "Helper Views";
			sourceTree = "<group>";
		};
		3E817152275574AF00F4B0D3 /* Views */ = {
			isa = PBXGroup;
			children = (
				3E70E0EF275EB0270020B429 /* Main Views */,
				3E70E0F0275EB05B0020B429 /* Settings Views */,
				3E7C9B032772073200B8A431 /* Helper Views */,
				3E70E0F1275EB07F0020B429 /* Extensions */,
			);
			path = Views;
			sourceTree = "<group>";
		};
		3EBC4984270A4D64006B4857 /* Repositories */ = {
			isa = PBXGroup;
			children = (
				3EBC4985270A4D7F006B4857 /* CustomerRepository.swift */,
				3EBC4987270B8845006B4857 /* DrinkRepository.swift */,
				3E8645D42718A3C0009BFFAA /* EmailSender.swift */,
			);
			name = Repositories;
			path = ..;
			sourceTree = "<group>";
		};
/* End PBXGroup section */

/* Begin PBXNativeTarget section */
		3E65093426FCB26900ACDF41 /* BarTab */ = {
			isa = PBXNativeTarget;
			buildConfigurationList = 3E65094426FCB26900ACDF41 /* Build configuration list for PBXNativeTarget "BarTab" */;
			buildPhases = (
				3E65093126FCB26900ACDF41 /* Sources */,
				3E65093226FCB26900ACDF41 /* Frameworks */,
				3E65093326FCB26900ACDF41 /* Resources */,
			);
			buildRules = (
			);
			dependencies = (
			);
			name = BarTab;
			packageProductDependencies = (
				3E662B5D2700C76A00033A11 /* Introspect */,
				3EE4101927137C4E00A808B6 /* FirebaseAnalytics */,
				3EE4101B27137C4E00A808B6 /* FirebaseAuth */,
				3EE4101D27137C4E00A808B6 /* FirebaseFirestore */,
				3EE4101F27137C4E00A808B6 /* FirebaseFirestoreSwift-Beta */,
				3E7062D927149AB500B02C4E /* ToastUI */,
				3E5F333C2741703000AA54AA /* AlertToast */,
				3E8134AF2764DEBB00637E61 /* SwiftUIX */,
				3E813C3A2785D24700CC2EAA /* Purchases */,
			);
			productName = BarTab;
			productReference = 3E65093526FCB26900ACDF41 /* BarTab.app */;
			productType = "com.apple.product-type.application";
		};
/* End PBXNativeTarget section */

/* Begin PBXProject section */
		3E65092D26FCB26900ACDF41 /* Project object */ = {
			isa = PBXProject;
			attributes = {
				LastSwiftUpdateCheck = 1250;
				LastUpgradeCheck = 1250;
				TargetAttributes = {
					3E65093426FCB26900ACDF41 = {
						CreatedOnToolsVersion = 12.5;
					};
				};
			};
			buildConfigurationList = 3E65093026FCB26900ACDF41 /* Build configuration list for PBXProject "BarTab" */;
			compatibilityVersion = "Xcode 9.3";
			developmentRegion = en;
			hasScannedForEncodings = 0;
			knownRegions = (
				en,
				Base,
			);
			mainGroup = 3E65092C26FCB26900ACDF41;
			packageReferences = (
				3E662B5C2700C76A00033A11 /* XCRemoteSwiftPackageReference "SwiftUI-Introspect" */,
				3EE4101827137C4E00A808B6 /* XCRemoteSwiftPackageReference "firebase-ios-sdk" */,
				3E7062D827149AB500B02C4E /* XCRemoteSwiftPackageReference "ToastUI" */,
				3E5F333B2741703000AA54AA /* XCRemoteSwiftPackageReference "AlertToast" */,
				3E8134AE2764DEBB00637E61 /* XCRemoteSwiftPackageReference "SwiftUIX" */,
				3E813C392785D24700CC2EAA /* XCRemoteSwiftPackageReference "purchases-ios" */,
			);
			productRefGroup = 3E65093626FCB26900ACDF41 /* Products */;
			projectDirPath = "";
			projectRoot = "";
			targets = (
				3E65093426FCB26900ACDF41 /* BarTab */,
			);
		};
/* End PBXProject section */

/* Begin PBXResourcesBuildPhase section */
		3E65093326FCB26900ACDF41 /* Resources */ = {
			isa = PBXResourcesBuildPhase;
			buildActionMask = 2147483647;
			files = (
				3E65094026FCB26900ACDF41 /* Preview Assets.xcassets in Resources */,
				3E65093D26FCB26900ACDF41 /* Assets.xcassets in Resources */,
				3E68107F27081D6D00C0F5B0 /* GoogleService-Info.plist in Resources */,
			);
			runOnlyForDeploymentPostprocessing = 0;
		};
/* End PBXResourcesBuildPhase section */

/* Begin PBXSourcesBuildPhase section */
		3E65093126FCB26900ACDF41 /* Sources */ = {
			isa = PBXSourcesBuildPhase;
			buildActionMask = 2147483647;
			files = (
				3E8730242759755100F8E610 /* ConfirmOrderView.swift in Sources */,
				3E8645D52718A3C0009BFFAA /* EmailSender.swift in Sources */,
				3E678777275D62170072259F /* AddCustomerView.swift in Sources */,
				3E7BEFE426FCDD9900453C1B /* CustomerListViewModel.swift in Sources */,
				3E6916D4276E78EE009E80D7 /* UpdateTagView.swift in Sources */,
				3E5EE16427823A060044B178 /* PaywallViewModel.swift in Sources */,
				3E6916D2276E584B009E80D7 /* ImagePickerView.swift in Sources */,
				3E658368276B568400555030 /* View+RoundedCorners.swift in Sources */,
				3E678775275D52FC0072259F /* ConfirmationViewModel.swift in Sources */,
				3E7C9B002772065500B8A431 /* LoginView.swift in Sources */,
				3E70E0E8275EABE40020B429 /* UserSettingsView.swift in Sources */,
				3E70E0F7275EB2790020B429 /* ClearModalBackground.swift in Sources */,
				3E7BEFDC26FCDD1900453C1B /* CustomerModel.swift in Sources */,
				3E6F1A272771282900661021 /* Date+RawRepresentable.swift in Sources */,
				3E70E0E6275EABDC0020B429 /* CustomerSettingsView.swift in Sources */,
				3E7C9AFE2771D49800B8A431 /* ContentView.swift in Sources */,
				3E5DE2B32746E75600B5723D /* DrinkViewModel.swift in Sources */,
				3E70E0EE275EB0160020B429 /* View+RoundedBorder.swift in Sources */,
				3E6FA3B42756A7ED0023DAB7 /* BodyView.swift in Sources */,
				3E7BEFE126FCDD6D00453C1B /* DrinkModel.swift in Sources */,
				3E817156275575E500F4B0D3 /* HeaderView.swift in Sources */,
				3E70E0E4275EABD10020B429 /* DrinkSettingsView.swift in Sources */,
				3E7C9B022772069700B8A431 /* PaywallView.swift in Sources */,
				3EBC4988270B8845006B4857 /* DrinkRepository.swift in Sources */,
				3E6F1A2927712B5300661021 /* CustomInputView.swift in Sources */,
				3E70E0EA275EAF100020B429 /* ToastView.swift in Sources */,
				3E60E3AF2711751C00F1363B /* UserViewModel.swift in Sources */,
				3E81715A275576B400F4B0D3 /* CustomerListView.swift in Sources */,
				3EBC4986270A4D7F006B4857 /* CustomerRepository.swift in Sources */,
				3E5F33622712AF8B005340B6 /* AuthError.swift in Sources */,
				3E5F33682712B7C9005340B6 /* EmailAuthError.swift in Sources */,
				3E67E60927444E1700999511 /* CustomerViewModel.swift in Sources */,
				3E7BEFDE26FCDD2800453C1B /* DrinkListViewModel.swift in Sources */,
				3E70E0EC275EAFE00020B429 /* CustomerSettingsDetailsView.swift in Sources */,
				3E5F33642712AF95005340B6 /* UserHandling.swift in Sources */,
				3E817158275576AB00F4B0D3 /* OrderView.swift in Sources */,
				3E6916D8276E88BB009E80D7 /* View+Centered.swift in Sources */,
				3E70E0E2275EAB340020B429 /* SettingsView.swift in Sources */,
				3E5DFDC12786F7A80056F0CC /* PurchasesDelegateHandler.swift in Sources */,
				3E60E3A5271147A500F1363B /* UserModel.swift in Sources */,
				3E88B0F5276A7814003561E1 /* AddDrinkView.swift in Sources */,
				3E817154275574F600F4B0D3 /* HomeView.swift in Sources */,
				3E5F33662712B73C005340B6 /* Authentication.swift in Sources */,
				3E65093926FCB26900ACDF41 /* BarTabApp.swift in Sources */,
				3E873022275961B500F8E610 /* DrinkCardView.swift in Sources */,
				3E70E0F9275EB2EC0020B429 /* DrinkSettingsDetailsView.swift in Sources */,
			);
			runOnlyForDeploymentPostprocessing = 0;
		};
/* End PBXSourcesBuildPhase section */

/* Begin XCBuildConfiguration section */
		3E65094226FCB26900ACDF41 /* Debug */ = {
			isa = XCBuildConfiguration;
			buildSettings = {
				ALWAYS_SEARCH_USER_PATHS = NO;
				CLANG_ANALYZER_NONNULL = YES;
				CLANG_ANALYZER_NUMBER_OBJECT_CONVERSION = YES_AGGRESSIVE;
				CLANG_CXX_LANGUAGE_STANDARD = "gnu++14";
				CLANG_CXX_LIBRARY = "libc++";
				CLANG_ENABLE_MODULES = YES;
				CLANG_ENABLE_OBJC_ARC = YES;
				CLANG_ENABLE_OBJC_WEAK = YES;
				CLANG_WARN_BLOCK_CAPTURE_AUTORELEASING = YES;
				CLANG_WARN_BOOL_CONVERSION = YES;
				CLANG_WARN_COMMA = YES;
				CLANG_WARN_CONSTANT_CONVERSION = YES;
				CLANG_WARN_DEPRECATED_OBJC_IMPLEMENTATIONS = YES;
				CLANG_WARN_DIRECT_OBJC_ISA_USAGE = YES_ERROR;
				CLANG_WARN_DOCUMENTATION_COMMENTS = YES;
				CLANG_WARN_EMPTY_BODY = YES;
				CLANG_WARN_ENUM_CONVERSION = YES;
				CLANG_WARN_INFINITE_RECURSION = YES;
				CLANG_WARN_INT_CONVERSION = YES;
				CLANG_WARN_NON_LITERAL_NULL_CONVERSION = YES;
				CLANG_WARN_OBJC_IMPLICIT_RETAIN_SELF = YES;
				CLANG_WARN_OBJC_LITERAL_CONVERSION = YES;
				CLANG_WARN_OBJC_ROOT_CLASS = YES_ERROR;
				CLANG_WARN_QUOTED_INCLUDE_IN_FRAMEWORK_HEADER = YES;
				CLANG_WARN_RANGE_LOOP_ANALYSIS = YES;
				CLANG_WARN_STRICT_PROTOTYPES = YES;
				CLANG_WARN_SUSPICIOUS_MOVE = YES;
				CLANG_WARN_UNGUARDED_AVAILABILITY = YES_AGGRESSIVE;
				CLANG_WARN_UNREACHABLE_CODE = YES;
				CLANG_WARN__DUPLICATE_METHOD_MATCH = YES;
				COPY_PHASE_STRIP = NO;
				DEBUG_INFORMATION_FORMAT = dwarf;
				ENABLE_STRICT_OBJC_MSGSEND = YES;
				ENABLE_TESTABILITY = YES;
				GCC_C_LANGUAGE_STANDARD = gnu11;
				GCC_DYNAMIC_NO_PIC = NO;
				GCC_NO_COMMON_BLOCKS = YES;
				GCC_OPTIMIZATION_LEVEL = 0;
				GCC_PREPROCESSOR_DEFINITIONS = (
					"DEBUG=1",
					"$(inherited)",
				);
				GCC_WARN_64_TO_32_BIT_CONVERSION = YES;
				GCC_WARN_ABOUT_RETURN_TYPE = YES_ERROR;
				GCC_WARN_UNDECLARED_SELECTOR = YES;
				GCC_WARN_UNINITIALIZED_AUTOS = YES_AGGRESSIVE;
				GCC_WARN_UNUSED_FUNCTION = YES;
				GCC_WARN_UNUSED_VARIABLE = YES;
				IPHONEOS_DEPLOYMENT_TARGET = 14.5;
				MTL_ENABLE_DEBUG_INFO = INCLUDE_SOURCE;
				MTL_FAST_MATH = YES;
				ONLY_ACTIVE_ARCH = YES;
				SDKROOT = iphoneos;
				SWIFT_ACTIVE_COMPILATION_CONDITIONS = DEBUG;
				SWIFT_OPTIMIZATION_LEVEL = "-Onone";
			};
			name = Debug;
		};
		3E65094326FCB26900ACDF41 /* Release */ = {
			isa = XCBuildConfiguration;
			buildSettings = {
				ALWAYS_SEARCH_USER_PATHS = NO;
				CLANG_ANALYZER_NONNULL = YES;
				CLANG_ANALYZER_NUMBER_OBJECT_CONVERSION = YES_AGGRESSIVE;
				CLANG_CXX_LANGUAGE_STANDARD = "gnu++14";
				CLANG_CXX_LIBRARY = "libc++";
				CLANG_ENABLE_MODULES = YES;
				CLANG_ENABLE_OBJC_ARC = YES;
				CLANG_ENABLE_OBJC_WEAK = YES;
				CLANG_WARN_BLOCK_CAPTURE_AUTORELEASING = YES;
				CLANG_WARN_BOOL_CONVERSION = YES;
				CLANG_WARN_COMMA = YES;
				CLANG_WARN_CONSTANT_CONVERSION = YES;
				CLANG_WARN_DEPRECATED_OBJC_IMPLEMENTATIONS = YES;
				CLANG_WARN_DIRECT_OBJC_ISA_USAGE = YES_ERROR;
				CLANG_WARN_DOCUMENTATION_COMMENTS = YES;
				CLANG_WARN_EMPTY_BODY = YES;
				CLANG_WARN_ENUM_CONVERSION = YES;
				CLANG_WARN_INFINITE_RECURSION = YES;
				CLANG_WARN_INT_CONVERSION = YES;
				CLANG_WARN_NON_LITERAL_NULL_CONVERSION = YES;
				CLANG_WARN_OBJC_IMPLICIT_RETAIN_SELF = YES;
				CLANG_WARN_OBJC_LITERAL_CONVERSION = YES;
				CLANG_WARN_OBJC_ROOT_CLASS = YES_ERROR;
				CLANG_WARN_QUOTED_INCLUDE_IN_FRAMEWORK_HEADER = YES;
				CLANG_WARN_RANGE_LOOP_ANALYSIS = YES;
				CLANG_WARN_STRICT_PROTOTYPES = YES;
				CLANG_WARN_SUSPICIOUS_MOVE = YES;
				CLANG_WARN_UNGUARDED_AVAILABILITY = YES_AGGRESSIVE;
				CLANG_WARN_UNREACHABLE_CODE = YES;
				CLANG_WARN__DUPLICATE_METHOD_MATCH = YES;
				COPY_PHASE_STRIP = NO;
				DEBUG_INFORMATION_FORMAT = "dwarf-with-dsym";
				ENABLE_NS_ASSERTIONS = NO;
				ENABLE_STRICT_OBJC_MSGSEND = YES;
				GCC_C_LANGUAGE_STANDARD = gnu11;
				GCC_NO_COMMON_BLOCKS = YES;
				GCC_WARN_64_TO_32_BIT_CONVERSION = YES;
				GCC_WARN_ABOUT_RETURN_TYPE = YES_ERROR;
				GCC_WARN_UNDECLARED_SELECTOR = YES;
				GCC_WARN_UNINITIALIZED_AUTOS = YES_AGGRESSIVE;
				GCC_WARN_UNUSED_FUNCTION = YES;
				GCC_WARN_UNUSED_VARIABLE = YES;
				IPHONEOS_DEPLOYMENT_TARGET = 14.5;
				MTL_ENABLE_DEBUG_INFO = NO;
				MTL_FAST_MATH = YES;
				SDKROOT = iphoneos;
				SWIFT_COMPILATION_MODE = wholemodule;
				SWIFT_OPTIMIZATION_LEVEL = "-O";
				VALIDATE_PRODUCT = YES;
			};
			name = Release;
		};
		3E65094526FCB26900ACDF41 /* Debug */ = {
			isa = XCBuildConfiguration;
			buildSettings = {
				ASSETCATALOG_COMPILER_APPICON_NAME = AppIcon;
				ASSETCATALOG_COMPILER_GLOBAL_ACCENT_COLOR_NAME = AccentColor;
				CODE_SIGN_STYLE = Automatic;
				DEVELOPMENT_ASSET_PATHS = "\"BarTab/Preview Content\"";
				DEVELOPMENT_TEAM = 5PNV6G957X;
				ENABLE_PREVIEWS = YES;
				INFOPLIST_FILE = BarTab/Info.plist;
				IPHONEOS_DEPLOYMENT_TARGET = 14.0;
				LD_RUNPATH_SEARCH_PATHS = (
					"$(inherited)",
					"@executable_path/Frameworks",
				);
				PRODUCT_BUNDLE_IDENTIFIER = com.joforsell.BarTab;
				PRODUCT_NAME = "$(TARGET_NAME)";
				SWIFT_VERSION = 5.0;
				TARGETED_DEVICE_FAMILY = "1,2";
			};
			name = Debug;
		};
		3E65094626FCB26900ACDF41 /* Release */ = {
			isa = XCBuildConfiguration;
			buildSettings = {
				ASSETCATALOG_COMPILER_APPICON_NAME = AppIcon;
				ASSETCATALOG_COMPILER_GLOBAL_ACCENT_COLOR_NAME = AccentColor;
				CODE_SIGN_STYLE = Automatic;
				DEVELOPMENT_ASSET_PATHS = "\"BarTab/Preview Content\"";
				DEVELOPMENT_TEAM = 5PNV6G957X;
				ENABLE_PREVIEWS = YES;
				INFOPLIST_FILE = BarTab/Info.plist;
				IPHONEOS_DEPLOYMENT_TARGET = 14.0;
				LD_RUNPATH_SEARCH_PATHS = (
					"$(inherited)",
					"@executable_path/Frameworks",
				);
				PRODUCT_BUNDLE_IDENTIFIER = com.joforsell.BarTab;
				PRODUCT_NAME = "$(TARGET_NAME)";
				SWIFT_VERSION = 5.0;
				TARGETED_DEVICE_FAMILY = "1,2";
			};
			name = Release;
		};
/* End XCBuildConfiguration section */

/* Begin XCConfigurationList section */
		3E65093026FCB26900ACDF41 /* Build configuration list for PBXProject "BarTab" */ = {
			isa = XCConfigurationList;
			buildConfigurations = (
				3E65094226FCB26900ACDF41 /* Debug */,
				3E65094326FCB26900ACDF41 /* Release */,
			);
			defaultConfigurationIsVisible = 0;
			defaultConfigurationName = Release;
		};
		3E65094426FCB26900ACDF41 /* Build configuration list for PBXNativeTarget "BarTab" */ = {
			isa = XCConfigurationList;
			buildConfigurations = (
				3E65094526FCB26900ACDF41 /* Debug */,
				3E65094626FCB26900ACDF41 /* Release */,
			);
			defaultConfigurationIsVisible = 0;
			defaultConfigurationName = Release;
		};
/* End XCConfigurationList section */

/* Begin XCRemoteSwiftPackageReference section */
		3E5F333B2741703000AA54AA /* XCRemoteSwiftPackageReference "AlertToast" */ = {
			isa = XCRemoteSwiftPackageReference;
			repositoryURL = "https://github.com/elai950/AlertToast.git";
			requirement = {
				kind = upToNextMajorVersion;
				minimumVersion = 1.0.0;
			};
		};
		3E662B5C2700C76A00033A11 /* XCRemoteSwiftPackageReference "SwiftUI-Introspect" */ = {
			isa = XCRemoteSwiftPackageReference;
			repositoryURL = "https://github.com/siteline/SwiftUI-Introspect.git";
			requirement = {
				kind = upToNextMajorVersion;
				minimumVersion = 0.1.3;
			};
		};
		3E7062D827149AB500B02C4E /* XCRemoteSwiftPackageReference "ToastUI" */ = {
			isa = XCRemoteSwiftPackageReference;
			repositoryURL = "https://github.com/quanshousio/ToastUI";
			requirement = {
				kind = upToNextMajorVersion;
				minimumVersion = 2.0.0;
			};
		};
		3E8134AE2764DEBB00637E61 /* XCRemoteSwiftPackageReference "SwiftUIX" */ = {
			isa = XCRemoteSwiftPackageReference;
			repositoryURL = "https://github.com/SwiftUIX/SwiftUIX.git";
			requirement = {
				kind = upToNextMajorVersion;
				minimumVersion = 0.1.0;
			};
		};
		3E813C392785D24700CC2EAA /* XCRemoteSwiftPackageReference "purchases-ios" */ = {
			isa = XCRemoteSwiftPackageReference;
			repositoryURL = "https://github.com/RevenueCat/purchases-ios.git";
			requirement = {
				kind = upToNextMajorVersion;
				minimumVersion = 3.0.0;
			};
		};
		3EE4101827137C4E00A808B6 /* XCRemoteSwiftPackageReference "firebase-ios-sdk" */ = {
			isa = XCRemoteSwiftPackageReference;
			repositoryURL = "https://github.com/firebase/firebase-ios-sdk.git";
			requirement = {
				kind = upToNextMajorVersion;
				minimumVersion = 8.0.0;
			};
		};
/* End XCRemoteSwiftPackageReference section */

/* Begin XCSwiftPackageProductDependency section */
		3E5F333C2741703000AA54AA /* AlertToast */ = {
			isa = XCSwiftPackageProductDependency;
			package = 3E5F333B2741703000AA54AA /* XCRemoteSwiftPackageReference "AlertToast" */;
			productName = AlertToast;
		};
		3E662B5D2700C76A00033A11 /* Introspect */ = {
			isa = XCSwiftPackageProductDependency;
			package = 3E662B5C2700C76A00033A11 /* XCRemoteSwiftPackageReference "SwiftUI-Introspect" */;
			productName = Introspect;
		};
		3E7062D927149AB500B02C4E /* ToastUI */ = {
			isa = XCSwiftPackageProductDependency;
			package = 3E7062D827149AB500B02C4E /* XCRemoteSwiftPackageReference "ToastUI" */;
			productName = ToastUI;
		};
		3E8134AF2764DEBB00637E61 /* SwiftUIX */ = {
			isa = XCSwiftPackageProductDependency;
			package = 3E8134AE2764DEBB00637E61 /* XCRemoteSwiftPackageReference "SwiftUIX" */;
			productName = SwiftUIX;
		};
		3E813C3A2785D24700CC2EAA /* Purchases */ = {
			isa = XCSwiftPackageProductDependency;
			package = 3E813C392785D24700CC2EAA /* XCRemoteSwiftPackageReference "purchases-ios" */;
			productName = Purchases;
		};
		3EE4101927137C4E00A808B6 /* FirebaseAnalytics */ = {
			isa = XCSwiftPackageProductDependency;
			package = 3EE4101827137C4E00A808B6 /* XCRemoteSwiftPackageReference "firebase-ios-sdk" */;
			productName = FirebaseAnalytics;
		};
		3EE4101B27137C4E00A808B6 /* FirebaseAuth */ = {
			isa = XCSwiftPackageProductDependency;
			package = 3EE4101827137C4E00A808B6 /* XCRemoteSwiftPackageReference "firebase-ios-sdk" */;
			productName = FirebaseAuth;
		};
		3EE4101D27137C4E00A808B6 /* FirebaseFirestore */ = {
			isa = XCSwiftPackageProductDependency;
			package = 3EE4101827137C4E00A808B6 /* XCRemoteSwiftPackageReference "firebase-ios-sdk" */;
			productName = FirebaseFirestore;
		};
		3EE4101F27137C4E00A808B6 /* FirebaseFirestoreSwift-Beta */ = {
			isa = XCSwiftPackageProductDependency;
			package = 3EE4101827137C4E00A808B6 /* XCRemoteSwiftPackageReference "firebase-ios-sdk" */;
			productName = "FirebaseFirestoreSwift-Beta";
		};
/* End XCSwiftPackageProductDependency section */
	};
	rootObject = 3E65092D26FCB26900ACDF41 /* Project object */;
}
